// !$*UTF8*$!
{
	archiveVersion = 1;
	classes = {
	};
	objectVersion = 46;
	objects = {

/* Begin PBXBuildFile section */
		6B1C40837573ED59A8F8B748 /* Pods_Stump_Score_Stump_ScoreUITests.framework in Frameworks */ = {isa = PBXBuildFile; fileRef = 1E147492AED08E97F92E31E1 /* Pods_Stump_Score_Stump_ScoreUITests.framework */; };
		9EE02A50B7FE9F76D055F4FA /* Pods_Stump_ScoreTests.framework in Frameworks */ = {isa = PBXBuildFile; fileRef = 63CD559E2A311D4545EE34BE /* Pods_Stump_ScoreTests.framework */; };
		C66EE627F72A1D0F91E0AF64 /* Pods_Stump_Score.framework in Frameworks */ = {isa = PBXBuildFile; fileRef = EF6E06B059D4DDFEE30B0CE2 /* Pods_Stump_Score.framework */; };
		EE67C55E1D6C99B900F1C459 /* AppDelegate.swift in Sources */ = {isa = PBXBuildFile; fileRef = EE67C55D1D6C99B900F1C459 /* AppDelegate.swift */; };
		EE67C5601D6C99B900F1C459 /* ViewController.swift in Sources */ = {isa = PBXBuildFile; fileRef = EE67C55F1D6C99B900F1C459 /* ViewController.swift */; };
		EE67C5631D6C99B900F1C459 /* Main.storyboard in Resources */ = {isa = PBXBuildFile; fileRef = EE67C5611D6C99B900F1C459 /* Main.storyboard */; };
		EE67C5651D6C99B900F1C459 /* Assets.xcassets in Resources */ = {isa = PBXBuildFile; fileRef = EE67C5641D6C99B900F1C459 /* Assets.xcassets */; };
		EE67C5681D6C99B900F1C459 /* LaunchScreen.storyboard in Resources */ = {isa = PBXBuildFile; fileRef = EE67C5661D6C99B900F1C459 /* LaunchScreen.storyboard */; };
		EE67C5731D6C99B900F1C459 /* Stump_ScoreTests.swift in Sources */ = {isa = PBXBuildFile; fileRef = EE67C5721D6C99B900F1C459 /* Stump_ScoreTests.swift */; };
		EE67C57E1D6C99B900F1C459 /* Stump_ScoreUITests.swift in Sources */ = {isa = PBXBuildFile; fileRef = EE67C57D1D6C99B900F1C459 /* Stump_ScoreUITests.swift */; };
		EE7B299D24DDC005002C8B9B /* StumpScoreWatcher.swift in Sources */ = {isa = PBXBuildFile; fileRef = EE7B299C24DDC005002C8B9B /* StumpScoreWatcher.swift */; };
		EE7B299F24DE05E8002C8B9B /* GoogleService-Info.plist in Resources */ = {isa = PBXBuildFile; fileRef = EE7B299E24DE05E8002C8B9B /* GoogleService-Info.plist */; };
		EECA52F326B8BCD000E61AE4 /* KeypadViewController.swift in Sources */ = {isa = PBXBuildFile; fileRef = EECA52F226B8BCD000E61AE4 /* KeypadViewController.swift */; };
		EECA52F526B9B4C200E61AE4 /* Oleg Stepanov - LevelUp.otf in Resources */ = {isa = PBXBuildFile; fileRef = EECA52F426B9B4C200E61AE4 /* Oleg Stepanov - LevelUp.otf */; };
/* End PBXBuildFile section */

/* Begin PBXContainerItemProxy section */
		EE67C56F1D6C99B900F1C459 /* PBXContainerItemProxy */ = {
			isa = PBXContainerItemProxy;
			containerPortal = EE67C5521D6C99B900F1C459 /* Project object */;
			proxyType = 1;
			remoteGlobalIDString = EE67C5591D6C99B900F1C459;
			remoteInfo = "Stump Score";
		};
		EE67C57A1D6C99B900F1C459 /* PBXContainerItemProxy */ = {
			isa = PBXContainerItemProxy;
			containerPortal = EE67C5521D6C99B900F1C459 /* Project object */;
			proxyType = 1;
			remoteGlobalIDString = EE67C5591D6C99B900F1C459;
			remoteInfo = "Stump Score";
		};
/* End PBXContainerItemProxy section */

/* Begin PBXFileReference section */
		1B2D7A3285AF6944486E93EA /* Pods-Stump Score-Stump ScoreUITests.debug.xcconfig */ = {isa = PBXFileReference; includeInIndex = 1; lastKnownFileType = text.xcconfig; name = "Pods-Stump Score-Stump ScoreUITests.debug.xcconfig"; path = "Target Support Files/Pods-Stump Score-Stump ScoreUITests/Pods-Stump Score-Stump ScoreUITests.debug.xcconfig"; sourceTree = "<group>"; };
		1E147492AED08E97F92E31E1 /* Pods_Stump_Score_Stump_ScoreUITests.framework */ = {isa = PBXFileReference; explicitFileType = wrapper.framework; includeInIndex = 0; path = Pods_Stump_Score_Stump_ScoreUITests.framework; sourceTree = BUILT_PRODUCTS_DIR; };
		5BCCB4C51BD14D6122050F90 /* Pods-Stump Score.release.xcconfig */ = {isa = PBXFileReference; includeInIndex = 1; lastKnownFileType = text.xcconfig; name = "Pods-Stump Score.release.xcconfig"; path = "Target Support Files/Pods-Stump Score/Pods-Stump Score.release.xcconfig"; sourceTree = "<group>"; };
		63CD559E2A311D4545EE34BE /* Pods_Stump_ScoreTests.framework */ = {isa = PBXFileReference; explicitFileType = wrapper.framework; includeInIndex = 0; path = Pods_Stump_ScoreTests.framework; sourceTree = BUILT_PRODUCTS_DIR; };
		7E003B7B076DB26ED8A8F9CF /* Pods-Stump Score.debug.xcconfig */ = {isa = PBXFileReference; includeInIndex = 1; lastKnownFileType = text.xcconfig; name = "Pods-Stump Score.debug.xcconfig"; path = "Target Support Files/Pods-Stump Score/Pods-Stump Score.debug.xcconfig"; sourceTree = "<group>"; };
		81371FE64EB1A07126F76BD8 /* Pods-Stump ScoreTests.release.xcconfig */ = {isa = PBXFileReference; includeInIndex = 1; lastKnownFileType = text.xcconfig; name = "Pods-Stump ScoreTests.release.xcconfig"; path = "Target Support Files/Pods-Stump ScoreTests/Pods-Stump ScoreTests.release.xcconfig"; sourceTree = "<group>"; };
		898BF30FF09B594645C1FCC0 /* Pods-Stump ScoreTests.debug.xcconfig */ = {isa = PBXFileReference; includeInIndex = 1; lastKnownFileType = text.xcconfig; name = "Pods-Stump ScoreTests.debug.xcconfig"; path = "Target Support Files/Pods-Stump ScoreTests/Pods-Stump ScoreTests.debug.xcconfig"; sourceTree = "<group>"; };
		A8642DF74CE696FBD2250FD6 /* Pods-Stump Score-Stump ScoreUITests.release.xcconfig */ = {isa = PBXFileReference; includeInIndex = 1; lastKnownFileType = text.xcconfig; name = "Pods-Stump Score-Stump ScoreUITests.release.xcconfig"; path = "Target Support Files/Pods-Stump Score-Stump ScoreUITests/Pods-Stump Score-Stump ScoreUITests.release.xcconfig"; sourceTree = "<group>"; };
		EE67C55A1D6C99B900F1C459 /* Stump Score.app */ = {isa = PBXFileReference; explicitFileType = wrapper.application; includeInIndex = 0; path = "Stump Score.app"; sourceTree = BUILT_PRODUCTS_DIR; };
		EE67C55D1D6C99B900F1C459 /* AppDelegate.swift */ = {isa = PBXFileReference; lastKnownFileType = sourcecode.swift; path = AppDelegate.swift; sourceTree = "<group>"; };
		EE67C55F1D6C99B900F1C459 /* ViewController.swift */ = {isa = PBXFileReference; lastKnownFileType = sourcecode.swift; path = ViewController.swift; sourceTree = "<group>"; };
		EE67C5621D6C99B900F1C459 /* Base */ = {isa = PBXFileReference; lastKnownFileType = file.storyboard; name = Base; path = Base.lproj/Main.storyboard; sourceTree = "<group>"; };
		EE67C5641D6C99B900F1C459 /* Assets.xcassets */ = {isa = PBXFileReference; lastKnownFileType = folder.assetcatalog; path = Assets.xcassets; sourceTree = "<group>"; };
		EE67C5671D6C99B900F1C459 /* Base */ = {isa = PBXFileReference; lastKnownFileType = file.storyboard; name = Base; path = Base.lproj/LaunchScreen.storyboard; sourceTree = "<group>"; };
		EE67C5691D6C99B900F1C459 /* Info.plist */ = {isa = PBXFileReference; lastKnownFileType = text.plist.xml; path = Info.plist; sourceTree = "<group>"; };
		EE67C56E1D6C99B900F1C459 /* Stump ScoreTests.xctest */ = {isa = PBXFileReference; explicitFileType = wrapper.cfbundle; includeInIndex = 0; path = "Stump ScoreTests.xctest"; sourceTree = BUILT_PRODUCTS_DIR; };
		EE67C5721D6C99B900F1C459 /* Stump_ScoreTests.swift */ = {isa = PBXFileReference; lastKnownFileType = sourcecode.swift; path = Stump_ScoreTests.swift; sourceTree = "<group>"; };
		EE67C5741D6C99B900F1C459 /* Info.plist */ = {isa = PBXFileReference; lastKnownFileType = text.plist.xml; path = Info.plist; sourceTree = "<group>"; };
		EE67C5791D6C99B900F1C459 /* Stump ScoreUITests.xctest */ = {isa = PBXFileReference; explicitFileType = wrapper.cfbundle; includeInIndex = 0; path = "Stump ScoreUITests.xctest"; sourceTree = BUILT_PRODUCTS_DIR; };
		EE67C57D1D6C99B900F1C459 /* Stump_ScoreUITests.swift */ = {isa = PBXFileReference; lastKnownFileType = sourcecode.swift; path = Stump_ScoreUITests.swift; sourceTree = "<group>"; };
		EE67C57F1D6C99B900F1C459 /* Info.plist */ = {isa = PBXFileReference; lastKnownFileType = text.plist.xml; path = Info.plist; sourceTree = "<group>"; };
		EE7B299C24DDC005002C8B9B /* StumpScoreWatcher.swift */ = {isa = PBXFileReference; lastKnownFileType = sourcecode.swift; path = StumpScoreWatcher.swift; sourceTree = "<group>"; };
		EE7B299E24DE05E8002C8B9B /* GoogleService-Info.plist */ = {isa = PBXFileReference; fileEncoding = 4; lastKnownFileType = text.plist.xml; path = "GoogleService-Info.plist"; sourceTree = "<group>"; };
		EECA52F226B8BCD000E61AE4 /* KeypadViewController.swift */ = {isa = PBXFileReference; fileEncoding = 4; lastKnownFileType = sourcecode.swift; path = KeypadViewController.swift; sourceTree = "<group>"; };
		EECA52F426B9B4C200E61AE4 /* Oleg Stepanov - LevelUp.otf */ = {isa = PBXFileReference; lastKnownFileType = file; path = "Oleg Stepanov - LevelUp.otf"; sourceTree = "<group>"; };
		EECA52F626B9F7F100E61AE4 /* Stump Score.entitlements */ = {isa = PBXFileReference; lastKnownFileType = text.plist.entitlements; path = "Stump Score.entitlements"; sourceTree = "<group>"; };
		EF6E06B059D4DDFEE30B0CE2 /* Pods_Stump_Score.framework */ = {isa = PBXFileReference; explicitFileType = wrapper.framework; includeInIndex = 0; path = Pods_Stump_Score.framework; sourceTree = BUILT_PRODUCTS_DIR; };
/* End PBXFileReference section */

/* Begin PBXFrameworksBuildPhase section */
		EE67C5571D6C99B900F1C459 /* Frameworks */ = {
			isa = PBXFrameworksBuildPhase;
			buildActionMask = 2147483647;
			files = (
				C66EE627F72A1D0F91E0AF64 /* Pods_Stump_Score.framework in Frameworks */,
			);
			runOnlyForDeploymentPostprocessing = 0;
		};
		EE67C56B1D6C99B900F1C459 /* Frameworks */ = {
			isa = PBXFrameworksBuildPhase;
			buildActionMask = 2147483647;
			files = (
				9EE02A50B7FE9F76D055F4FA /* Pods_Stump_ScoreTests.framework in Frameworks */,
			);
			runOnlyForDeploymentPostprocessing = 0;
		};
		EE67C5761D6C99B900F1C459 /* Frameworks */ = {
			isa = PBXFrameworksBuildPhase;
			buildActionMask = 2147483647;
			files = (
				6B1C40837573ED59A8F8B748 /* Pods_Stump_Score_Stump_ScoreUITests.framework in Frameworks */,
			);
			runOnlyForDeploymentPostprocessing = 0;
		};
/* End PBXFrameworksBuildPhase section */

/* Begin PBXGroup section */
		65A868057A94B8ABE1C9AFA5 /* Pods */ = {
			isa = PBXGroup;
			children = (
				7E003B7B076DB26ED8A8F9CF /* Pods-Stump Score.debug.xcconfig */,
				5BCCB4C51BD14D6122050F90 /* Pods-Stump Score.release.xcconfig */,
				1B2D7A3285AF6944486E93EA /* Pods-Stump Score-Stump ScoreUITests.debug.xcconfig */,
				A8642DF74CE696FBD2250FD6 /* Pods-Stump Score-Stump ScoreUITests.release.xcconfig */,
				898BF30FF09B594645C1FCC0 /* Pods-Stump ScoreTests.debug.xcconfig */,
				81371FE64EB1A07126F76BD8 /* Pods-Stump ScoreTests.release.xcconfig */,
			);
			path = Pods;
			sourceTree = "<group>";
		};
		6FE69B4DCB77273DB4AAD405 /* Frameworks */ = {
			isa = PBXGroup;
			children = (
				EF6E06B059D4DDFEE30B0CE2 /* Pods_Stump_Score.framework */,
				1E147492AED08E97F92E31E1 /* Pods_Stump_Score_Stump_ScoreUITests.framework */,
				63CD559E2A311D4545EE34BE /* Pods_Stump_ScoreTests.framework */,
			);
			name = Frameworks;
			sourceTree = "<group>";
		};
		EE67C5511D6C99B900F1C459 = {
			isa = PBXGroup;
			children = (
				EE67C55C1D6C99B900F1C459 /* Stump Score */,
				EE67C5711D6C99B900F1C459 /* Stump ScoreTests */,
				EE67C57C1D6C99B900F1C459 /* Stump ScoreUITests */,
				EE67C55B1D6C99B900F1C459 /* Products */,
				65A868057A94B8ABE1C9AFA5 /* Pods */,
				6FE69B4DCB77273DB4AAD405 /* Frameworks */,
			);
			sourceTree = "<group>";
		};
		EE67C55B1D6C99B900F1C459 /* Products */ = {
			isa = PBXGroup;
			children = (
				EE67C55A1D6C99B900F1C459 /* Stump Score.app */,
				EE67C56E1D6C99B900F1C459 /* Stump ScoreTests.xctest */,
				EE67C5791D6C99B900F1C459 /* Stump ScoreUITests.xctest */,
			);
			name = Products;
			sourceTree = "<group>";
		};
		EE67C55C1D6C99B900F1C459 /* Stump Score */ = {
			isa = PBXGroup;
			children = (
				EECA52F626B9F7F100E61AE4 /* Stump Score.entitlements */,
				EE67C55D1D6C99B900F1C459 /* AppDelegate.swift */,
				EE67C55F1D6C99B900F1C459 /* ViewController.swift */,
				EE7B299C24DDC005002C8B9B /* StumpScoreWatcher.swift */,
				EECA52F226B8BCD000E61AE4 /* KeypadViewController.swift */,
				EE67C5611D6C99B900F1C459 /* Main.storyboard */,
				EE67C5641D6C99B900F1C459 /* Assets.xcassets */,
				EE67C5661D6C99B900F1C459 /* LaunchScreen.storyboard */,
				EE67C5691D6C99B900F1C459 /* Info.plist */,
				EE7B299E24DE05E8002C8B9B /* GoogleService-Info.plist */,
				EECA52F426B9B4C200E61AE4 /* Oleg Stepanov - LevelUp.otf */,
			);
			path = "Stump Score";
			sourceTree = "<group>";
		};
		EE67C5711D6C99B900F1C459 /* Stump ScoreTests */ = {
			isa = PBXGroup;
			children = (
				EE67C5721D6C99B900F1C459 /* Stump_ScoreTests.swift */,
				EE67C5741D6C99B900F1C459 /* Info.plist */,
			);
			path = "Stump ScoreTests";
			sourceTree = "<group>";
		};
		EE67C57C1D6C99B900F1C459 /* Stump ScoreUITests */ = {
			isa = PBXGroup;
			children = (
				EE67C57D1D6C99B900F1C459 /* Stump_ScoreUITests.swift */,
				EE67C57F1D6C99B900F1C459 /* Info.plist */,
			);
			path = "Stump ScoreUITests";
			sourceTree = "<group>";
		};
/* End PBXGroup section */

/* Begin PBXNativeTarget section */
		EE67C5591D6C99B900F1C459 /* Stump Score */ = {
			isa = PBXNativeTarget;
			buildConfigurationList = EE67C5821D6C99B900F1C459 /* Build configuration list for PBXNativeTarget "Stump Score" */;
			buildPhases = (
				31CA78B7C5C9A3476317571E /* [CP] Check Pods Manifest.lock */,
				EE67C5561D6C99B900F1C459 /* Sources */,
				EE67C5571D6C99B900F1C459 /* Frameworks */,
				EE67C5581D6C99B900F1C459 /* Resources */,
				D0462479A3F17C5139B0F17B /* [CP] Embed Pods Frameworks */,
			);
			buildRules = (
			);
			dependencies = (
			);
			name = "Stump Score";
			productName = "Stump Score";
			productReference = EE67C55A1D6C99B900F1C459 /* Stump Score.app */;
			productType = "com.apple.product-type.application";
		};
		EE67C56D1D6C99B900F1C459 /* Stump ScoreTests */ = {
			isa = PBXNativeTarget;
			buildConfigurationList = EE67C5851D6C99B900F1C459 /* Build configuration list for PBXNativeTarget "Stump ScoreTests" */;
			buildPhases = (
				3D776D9CA01E628C31432C61 /* [CP] Check Pods Manifest.lock */,
				EE67C56A1D6C99B900F1C459 /* Sources */,
				EE67C56B1D6C99B900F1C459 /* Frameworks */,
				EE67C56C1D6C99B900F1C459 /* Resources */,
			);
			buildRules = (
			);
			dependencies = (
				EE67C5701D6C99B900F1C459 /* PBXTargetDependency */,
			);
			name = "Stump ScoreTests";
			productName = "Stump ScoreTests";
			productReference = EE67C56E1D6C99B900F1C459 /* Stump ScoreTests.xctest */;
			productType = "com.apple.product-type.bundle.unit-test";
		};
		EE67C5781D6C99B900F1C459 /* Stump ScoreUITests */ = {
			isa = PBXNativeTarget;
			buildConfigurationList = EE67C5881D6C99B900F1C459 /* Build configuration list for PBXNativeTarget "Stump ScoreUITests" */;
			buildPhases = (
				685334C67B435DAA45B6B684 /* [CP] Check Pods Manifest.lock */,
				EE67C5751D6C99B900F1C459 /* Sources */,
				EE67C5761D6C99B900F1C459 /* Frameworks */,
				EE67C5771D6C99B900F1C459 /* Resources */,
				2C0BD937804B9650A41E34AB /* [CP] Embed Pods Frameworks */,
			);
			buildRules = (
			);
			dependencies = (
				EE67C57B1D6C99B900F1C459 /* PBXTargetDependency */,
			);
			name = "Stump ScoreUITests";
			productName = "Stump ScoreUITests";
			productReference = EE67C5791D6C99B900F1C459 /* Stump ScoreUITests.xctest */;
			productType = "com.apple.product-type.bundle.ui-testing";
		};
/* End PBXNativeTarget section */

/* Begin PBXProject section */
		EE67C5521D6C99B900F1C459 /* Project object */ = {
			isa = PBXProject;
			attributes = {
				LastSwiftUpdateCheck = 0800;
				LastUpgradeCheck = 1200;
				ORGANIZATIONNAME = "Atomic Bird LLC";
				TargetAttributes = {
					EE67C5591D6C99B900F1C459 = {
						CreatedOnToolsVersion = 8.0;
						DevelopmentTeam = FZTVR399HK;
						LastSwiftMigration = 1200;
						ProvisioningStyle = Automatic;
					};
					EE67C56D1D6C99B900F1C459 = {
						CreatedOnToolsVersion = 8.0;
						DevelopmentTeam = FZTVR399HK;
						LastSwiftMigration = 1200;
						ProvisioningStyle = Automatic;
						TestTargetID = EE67C5591D6C99B900F1C459;
					};
					EE67C5781D6C99B900F1C459 = {
						CreatedOnToolsVersion = 8.0;
						DevelopmentTeam = FZTVR399HK;
						LastSwiftMigration = 1200;
						ProvisioningStyle = Automatic;
						TestTargetID = EE67C5591D6C99B900F1C459;
					};
				};
			};
			buildConfigurationList = EE67C5551D6C99B900F1C459 /* Build configuration list for PBXProject "Stump Score" */;
			compatibilityVersion = "Xcode 3.2";
			developmentRegion = en;
			hasScannedForEncodings = 0;
			knownRegions = (
				en,
				Base,
			);
			mainGroup = EE67C5511D6C99B900F1C459;
			productRefGroup = EE67C55B1D6C99B900F1C459 /* Products */;
			projectDirPath = "";
			projectRoot = "";
			targets = (
				EE67C5591D6C99B900F1C459 /* Stump Score */,
				EE67C56D1D6C99B900F1C459 /* Stump ScoreTests */,
				EE67C5781D6C99B900F1C459 /* Stump ScoreUITests */,
			);
		};
/* End PBXProject section */

/* Begin PBXResourcesBuildPhase section */
		EE67C5581D6C99B900F1C459 /* Resources */ = {
			isa = PBXResourcesBuildPhase;
			buildActionMask = 2147483647;
			files = (
				EE67C5681D6C99B900F1C459 /* LaunchScreen.storyboard in Resources */,
				EE7B299F24DE05E8002C8B9B /* GoogleService-Info.plist in Resources */,
				EE67C5651D6C99B900F1C459 /* Assets.xcassets in Resources */,
				EE67C5631D6C99B900F1C459 /* Main.storyboard in Resources */,
				EECA52F526B9B4C200E61AE4 /* Oleg Stepanov - LevelUp.otf in Resources */,
			);
			runOnlyForDeploymentPostprocessing = 0;
		};
		EE67C56C1D6C99B900F1C459 /* Resources */ = {
			isa = PBXResourcesBuildPhase;
			buildActionMask = 2147483647;
			files = (
			);
			runOnlyForDeploymentPostprocessing = 0;
		};
		EE67C5771D6C99B900F1C459 /* Resources */ = {
			isa = PBXResourcesBuildPhase;
			buildActionMask = 2147483647;
			files = (
			);
			runOnlyForDeploymentPostprocessing = 0;
		};
/* End PBXResourcesBuildPhase section */

/* Begin PBXShellScriptBuildPhase section */
		2C0BD937804B9650A41E34AB /* [CP] Embed Pods Frameworks */ = {
			isa = PBXShellScriptBuildPhase;
			buildActionMask = 2147483647;
			files = (
			);
			inputPaths = (
				"${PODS_ROOT}/Target Support Files/Pods-Stump Score-Stump ScoreUITests/Pods-Stump Score-Stump ScoreUITests-frameworks.sh",
				"${BUILT_PRODUCTS_DIR}/GTMSessionFetcher/GTMSessionFetcher.framework",
				"${BUILT_PRODUCTS_DIR}/GoogleUtilities/GoogleUtilities.framework",
				"${BUILT_PRODUCTS_DIR}/PromisesObjC/FBLPromises.framework",
				"${BUILT_PRODUCTS_DIR}/leveldb-library/leveldb.framework",
				"${BUILT_PRODUCTS_DIR}/nanopb/nanopb.framework",
			);
			name = "[CP] Embed Pods Frameworks";
			outputPaths = (
				"${TARGET_BUILD_DIR}/${FRAMEWORKS_FOLDER_PATH}/GTMSessionFetcher.framework",
				"${TARGET_BUILD_DIR}/${FRAMEWORKS_FOLDER_PATH}/GoogleUtilities.framework",
				"${TARGET_BUILD_DIR}/${FRAMEWORKS_FOLDER_PATH}/FBLPromises.framework",
				"${TARGET_BUILD_DIR}/${FRAMEWORKS_FOLDER_PATH}/leveldb.framework",
				"${TARGET_BUILD_DIR}/${FRAMEWORKS_FOLDER_PATH}/nanopb.framework",
			);
			runOnlyForDeploymentPostprocessing = 0;
			shellPath = /bin/sh;
			shellScript = "\"${PODS_ROOT}/Target Support Files/Pods-Stump Score-Stump ScoreUITests/Pods-Stump Score-Stump ScoreUITests-frameworks.sh\"\n";
			showEnvVarsInLog = 0;
		};
		31CA78B7C5C9A3476317571E /* [CP] Check Pods Manifest.lock */ = {
			isa = PBXShellScriptBuildPhase;
			buildActionMask = 2147483647;
			files = (
			);
			inputFileListPaths = (
			);
			inputPaths = (
				"${PODS_PODFILE_DIR_PATH}/Podfile.lock",
				"${PODS_ROOT}/Manifest.lock",
			);
			name = "[CP] Check Pods Manifest.lock";
			outputFileListPaths = (
			);
			outputPaths = (
				"$(DERIVED_FILE_DIR)/Pods-Stump Score-checkManifestLockResult.txt",
			);
			runOnlyForDeploymentPostprocessing = 0;
			shellPath = /bin/sh;
			shellScript = "diff \"${PODS_PODFILE_DIR_PATH}/Podfile.lock\" \"${PODS_ROOT}/Manifest.lock\" > /dev/null\nif [ $? != 0 ] ; then\n    # print error to STDERR\n    echo \"error: The sandbox is not in sync with the Podfile.lock. Run 'pod install' or update your CocoaPods installation.\" >&2\n    exit 1\nfi\n# This output is used by Xcode 'outputs' to avoid re-running this script phase.\necho \"SUCCESS\" > \"${SCRIPT_OUTPUT_FILE_0}\"\n";
			showEnvVarsInLog = 0;
		};
		3D776D9CA01E628C31432C61 /* [CP] Check Pods Manifest.lock */ = {
			isa = PBXShellScriptBuildPhase;
			buildActionMask = 2147483647;
			files = (
			);
			inputFileListPaths = (
			);
			inputPaths = (
				"${PODS_PODFILE_DIR_PATH}/Podfile.lock",
				"${PODS_ROOT}/Manifest.lock",
			);
			name = "[CP] Check Pods Manifest.lock";
			outputFileListPaths = (
			);
			outputPaths = (
				"$(DERIVED_FILE_DIR)/Pods-Stump ScoreTests-checkManifestLockResult.txt",
			);
			runOnlyForDeploymentPostprocessing = 0;
			shellPath = /bin/sh;
			shellScript = "diff \"${PODS_PODFILE_DIR_PATH}/Podfile.lock\" \"${PODS_ROOT}/Manifest.lock\" > /dev/null\nif [ $? != 0 ] ; then\n    # print error to STDERR\n    echo \"error: The sandbox is not in sync with the Podfile.lock. Run 'pod install' or update your CocoaPods installation.\" >&2\n    exit 1\nfi\n# This output is used by Xcode 'outputs' to avoid re-running this script phase.\necho \"SUCCESS\" > \"${SCRIPT_OUTPUT_FILE_0}\"\n";
			showEnvVarsInLog = 0;
		};
		685334C67B435DAA45B6B684 /* [CP] Check Pods Manifest.lock */ = {
			isa = PBXShellScriptBuildPhase;
			buildActionMask = 2147483647;
			files = (
			);
			inputFileListPaths = (
			);
			inputPaths = (
				"${PODS_PODFILE_DIR_PATH}/Podfile.lock",
				"${PODS_ROOT}/Manifest.lock",
			);
			name = "[CP] Check Pods Manifest.lock";
			outputFileListPaths = (
			);
			outputPaths = (
				"$(DERIVED_FILE_DIR)/Pods-Stump Score-Stump ScoreUITests-checkManifestLockResult.txt",
			);
			runOnlyForDeploymentPostprocessing = 0;
			shellPath = /bin/sh;
			shellScript = "diff \"${PODS_PODFILE_DIR_PATH}/Podfile.lock\" \"${PODS_ROOT}/Manifest.lock\" > /dev/null\nif [ $? != 0 ] ; then\n    # print error to STDERR\n    echo \"error: The sandbox is not in sync with the Podfile.lock. Run 'pod install' or update your CocoaPods installation.\" >&2\n    exit 1\nfi\n# This output is used by Xcode 'outputs' to avoid re-running this script phase.\necho \"SUCCESS\" > \"${SCRIPT_OUTPUT_FILE_0}\"\n";
			showEnvVarsInLog = 0;
		};
		D0462479A3F17C5139B0F17B /* [CP] Embed Pods Frameworks */ = {
			isa = PBXShellScriptBuildPhase;
			buildActionMask = 2147483647;
			files = (
			);
			inputPaths = (
				"${PODS_ROOT}/Target Support Files/Pods-Stump Score/Pods-Stump Score-frameworks.sh",
				"${BUILT_PRODUCTS_DIR}/GTMSessionFetcher/GTMSessionFetcher.framework",
				"${BUILT_PRODUCTS_DIR}/GoogleUtilities/GoogleUtilities.framework",
				"${BUILT_PRODUCTS_DIR}/PromisesObjC/FBLPromises.framework",
				"${BUILT_PRODUCTS_DIR}/leveldb-library/leveldb.framework",
				"${BUILT_PRODUCTS_DIR}/nanopb/nanopb.framework",
			);
			name = "[CP] Embed Pods Frameworks";
			outputPaths = (
				"${TARGET_BUILD_DIR}/${FRAMEWORKS_FOLDER_PATH}/GTMSessionFetcher.framework",
				"${TARGET_BUILD_DIR}/${FRAMEWORKS_FOLDER_PATH}/GoogleUtilities.framework",
				"${TARGET_BUILD_DIR}/${FRAMEWORKS_FOLDER_PATH}/FBLPromises.framework",
				"${TARGET_BUILD_DIR}/${FRAMEWORKS_FOLDER_PATH}/leveldb.framework",
				"${TARGET_BUILD_DIR}/${FRAMEWORKS_FOLDER_PATH}/nanopb.framework",
			);
			runOnlyForDeploymentPostprocessing = 0;
			shellPath = /bin/sh;
			shellScript = "\"${PODS_ROOT}/Target Support Files/Pods-Stump Score/Pods-Stump Score-frameworks.sh\"\n";
			showEnvVarsInLog = 0;
		};
/* End PBXShellScriptBuildPhase section */

/* Begin PBXSourcesBuildPhase section */
		EE67C5561D6C99B900F1C459 /* Sources */ = {
			isa = PBXSourcesBuildPhase;
			buildActionMask = 2147483647;
			files = (
				EE7B299D24DDC005002C8B9B /* StumpScoreWatcher.swift in Sources */,
				EE67C5601D6C99B900F1C459 /* ViewController.swift in Sources */,
				EECA52F326B8BCD000E61AE4 /* KeypadViewController.swift in Sources */,
				EE67C55E1D6C99B900F1C459 /* AppDelegate.swift in Sources */,
			);
			runOnlyForDeploymentPostprocessing = 0;
		};
		EE67C56A1D6C99B900F1C459 /* Sources */ = {
			isa = PBXSourcesBuildPhase;
			buildActionMask = 2147483647;
			files = (
				EE67C5731D6C99B900F1C459 /* Stump_ScoreTests.swift in Sources */,
			);
			runOnlyForDeploymentPostprocessing = 0;
		};
		EE67C5751D6C99B900F1C459 /* Sources */ = {
			isa = PBXSourcesBuildPhase;
			buildActionMask = 2147483647;
			files = (
				EE67C57E1D6C99B900F1C459 /* Stump_ScoreUITests.swift in Sources */,
			);
			runOnlyForDeploymentPostprocessing = 0;
		};
/* End PBXSourcesBuildPhase section */

/* Begin PBXTargetDependency section */
		EE67C5701D6C99B900F1C459 /* PBXTargetDependency */ = {
			isa = PBXTargetDependency;
			target = EE67C5591D6C99B900F1C459 /* Stump Score */;
			targetProxy = EE67C56F1D6C99B900F1C459 /* PBXContainerItemProxy */;
		};
		EE67C57B1D6C99B900F1C459 /* PBXTargetDependency */ = {
			isa = PBXTargetDependency;
			target = EE67C5591D6C99B900F1C459 /* Stump Score */;
			targetProxy = EE67C57A1D6C99B900F1C459 /* PBXContainerItemProxy */;
		};
/* End PBXTargetDependency section */

/* Begin PBXVariantGroup section */
		EE67C5611D6C99B900F1C459 /* Main.storyboard */ = {
			isa = PBXVariantGroup;
			children = (
				EE67C5621D6C99B900F1C459 /* Base */,
			);
			name = Main.storyboard;
			sourceTree = "<group>";
		};
		EE67C5661D6C99B900F1C459 /* LaunchScreen.storyboard */ = {
			isa = PBXVariantGroup;
			children = (
				EE67C5671D6C99B900F1C459 /* Base */,
			);
			name = LaunchScreen.storyboard;
			sourceTree = "<group>";
		};
/* End PBXVariantGroup section */

/* Begin XCBuildConfiguration section */
		EE67C5801D6C99B900F1C459 /* Debug */ = {
			isa = XCBuildConfiguration;
			buildSettings = {
				ALWAYS_SEARCH_USER_PATHS = NO;
				CLANG_ANALYZER_LOCALIZABILITY_NONLOCALIZED = YES;
				CLANG_ANALYZER_NONNULL = YES;
				CLANG_CXX_LANGUAGE_STANDARD = "gnu++0x";
				CLANG_CXX_LIBRARY = "libc++";
				CLANG_ENABLE_MODULES = YES;
				CLANG_ENABLE_OBJC_ARC = YES;
				CLANG_WARN_BLOCK_CAPTURE_AUTORELEASING = YES;
				CLANG_WARN_BOOL_CONVERSION = YES;
				CLANG_WARN_COMMA = YES;
				CLANG_WARN_CONSTANT_CONVERSION = YES;
				CLANG_WARN_DEPRECATED_OBJC_IMPLEMENTATIONS = YES;
				CLANG_WARN_DIRECT_OBJC_ISA_USAGE = YES_ERROR;
				CLANG_WARN_DOCUMENTATION_COMMENTS = YES;
				CLANG_WARN_EMPTY_BODY = YES;
				CLANG_WARN_ENUM_CONVERSION = YES;
				CLANG_WARN_INFINITE_RECURSION = YES;
				CLANG_WARN_INT_CONVERSION = YES;
				CLANG_WARN_NON_LITERAL_NULL_CONVERSION = YES;
				CLANG_WARN_OBJC_IMPLICIT_RETAIN_SELF = YES;
				CLANG_WARN_OBJC_LITERAL_CONVERSION = YES;
				CLANG_WARN_OBJC_ROOT_CLASS = YES_ERROR;
				CLANG_WARN_QUOTED_INCLUDE_IN_FRAMEWORK_HEADER = YES;
				CLANG_WARN_RANGE_LOOP_ANALYSIS = YES;
				CLANG_WARN_STRICT_PROTOTYPES = YES;
				CLANG_WARN_SUSPICIOUS_MOVE = YES;
				CLANG_WARN_SUSPICIOUS_MOVES = YES;
				CLANG_WARN_UNREACHABLE_CODE = YES;
				CLANG_WARN__DUPLICATE_METHOD_MATCH = YES;
				"CODE_SIGN_IDENTITY[sdk=iphoneos*]" = "iPhone Developer";
				COPY_PHASE_STRIP = NO;
				DEBUG_INFORMATION_FORMAT = dwarf;
				ENABLE_STRICT_OBJC_MSGSEND = YES;
				ENABLE_TESTABILITY = YES;
				GCC_C_LANGUAGE_STANDARD = gnu99;
				GCC_DYNAMIC_NO_PIC = NO;
				GCC_NO_COMMON_BLOCKS = YES;
				GCC_OPTIMIZATION_LEVEL = 0;
				GCC_PREPROCESSOR_DEFINITIONS = (
					"DEBUG=1",
					"$(inherited)",
				);
				GCC_WARN_64_TO_32_BIT_CONVERSION = YES;
				GCC_WARN_ABOUT_RETURN_TYPE = YES_ERROR;
				GCC_WARN_UNDECLARED_SELECTOR = YES;
				GCC_WARN_UNINITIALIZED_AUTOS = YES_AGGRESSIVE;
				GCC_WARN_UNUSED_FUNCTION = YES;
				GCC_WARN_UNUSED_VARIABLE = YES;
				IPHONEOS_DEPLOYMENT_TARGET = 13.0;
				MTL_ENABLE_DEBUG_INFO = YES;
				ONLY_ACTIVE_ARCH = YES;
				SDKROOT = iphoneos;
				SWIFT_ACTIVE_COMPILATION_CONDITIONS = DEBUG;
				SWIFT_OPTIMIZATION_LEVEL = "-Onone";
				TARGETED_DEVICE_FAMILY = 2;
			};
			name = Debug;
		};
		EE67C5811D6C99B900F1C459 /* Release */ = {
			isa = XCBuildConfiguration;
			buildSettings = {
				ALWAYS_SEARCH_USER_PATHS = NO;
				CLANG_ANALYZER_LOCALIZABILITY_NONLOCALIZED = YES;
				CLANG_ANALYZER_NONNULL = YES;
				CLANG_CXX_LANGUAGE_STANDARD = "gnu++0x";
				CLANG_CXX_LIBRARY = "libc++";
				CLANG_ENABLE_MODULES = YES;
				CLANG_ENABLE_OBJC_ARC = YES;
				CLANG_WARN_BLOCK_CAPTURE_AUTORELEASING = YES;
				CLANG_WARN_BOOL_CONVERSION = YES;
				CLANG_WARN_COMMA = YES;
				CLANG_WARN_CONSTANT_CONVERSION = YES;
				CLANG_WARN_DEPRECATED_OBJC_IMPLEMENTATIONS = YES;
				CLANG_WARN_DIRECT_OBJC_ISA_USAGE = YES_ERROR;
				CLANG_WARN_DOCUMENTATION_COMMENTS = YES;
				CLANG_WARN_EMPTY_BODY = YES;
				CLANG_WARN_ENUM_CONVERSION = YES;
				CLANG_WARN_INFINITE_RECURSION = YES;
				CLANG_WARN_INT_CONVERSION = YES;
				CLANG_WARN_NON_LITERAL_NULL_CONVERSION = YES;
				CLANG_WARN_OBJC_IMPLICIT_RETAIN_SELF = YES;
				CLANG_WARN_OBJC_LITERAL_CONVERSION = YES;
				CLANG_WARN_OBJC_ROOT_CLASS = YES_ERROR;
				CLANG_WARN_QUOTED_INCLUDE_IN_FRAMEWORK_HEADER = YES;
				CLANG_WARN_RANGE_LOOP_ANALYSIS = YES;
				CLANG_WARN_STRICT_PROTOTYPES = YES;
				CLANG_WARN_SUSPICIOUS_MOVE = YES;
				CLANG_WARN_SUSPICIOUS_MOVES = YES;
				CLANG_WARN_UNREACHABLE_CODE = YES;
				CLANG_WARN__DUPLICATE_METHOD_MATCH = YES;
				"CODE_SIGN_IDENTITY[sdk=iphoneos*]" = "iPhone Developer";
				COPY_PHASE_STRIP = NO;
				DEBUG_INFORMATION_FORMAT = "dwarf-with-dsym";
				ENABLE_NS_ASSERTIONS = NO;
				ENABLE_STRICT_OBJC_MSGSEND = YES;
				GCC_C_LANGUAGE_STANDARD = gnu99;
				GCC_NO_COMMON_BLOCKS = YES;
				GCC_WARN_64_TO_32_BIT_CONVERSION = YES;
				GCC_WARN_ABOUT_RETURN_TYPE = YES_ERROR;
				GCC_WARN_UNDECLARED_SELECTOR = YES;
				GCC_WARN_UNINITIALIZED_AUTOS = YES_AGGRESSIVE;
				GCC_WARN_UNUSED_FUNCTION = YES;
				GCC_WARN_UNUSED_VARIABLE = YES;
				IPHONEOS_DEPLOYMENT_TARGET = 13.0;
				MTL_ENABLE_DEBUG_INFO = NO;
				SDKROOT = iphoneos;
				SWIFT_OPTIMIZATION_LEVEL = "-Owholemodule";
				TARGETED_DEVICE_FAMILY = 2;
				VALIDATE_PRODUCT = YES;
			};
			name = Release;
		};
		EE67C5831D6C99B900F1C459 /* Debug */ = {
			isa = XCBuildConfiguration;
			baseConfigurationReference = 7E003B7B076DB26ED8A8F9CF /* Pods-Stump Score.debug.xcconfig */;
			buildSettings = {
				ASSETCATALOG_COMPILER_APPICON_NAME = AppIcon;
				CODE_SIGN_ENTITLEMENTS = "Stump Score/Stump Score.entitlements";
				DEVELOPMENT_TEAM = FZTVR399HK;
				INFOPLIST_FILE = "Stump Score/Info.plist";
				LD_RUNPATH_SEARCH_PATHS = "$(inherited) @executable_path/Frameworks";
				PRODUCT_BUNDLE_IDENTIFIER = "com.atomicbird.Stump-Score";
				PRODUCT_NAME = "$(TARGET_NAME)";
				SUPPORTS_MACCATALYST = YES;
				SWIFT_SWIFT3_OBJC_INFERENCE = Off;
				SWIFT_VERSION = 5.0;
			};
			name = Debug;
		};
		EE67C5841D6C99B900F1C459 /* Release */ = {
			isa = XCBuildConfiguration;
			baseConfigurationReference = 5BCCB4C51BD14D6122050F90 /* Pods-Stump Score.release.xcconfig */;
			buildSettings = {
				ASSETCATALOG_COMPILER_APPICON_NAME = AppIcon;
				CODE_SIGN_ENTITLEMENTS = "Stump Score/Stump Score.entitlements";
				DEVELOPMENT_TEAM = FZTVR399HK;
				INFOPLIST_FILE = "Stump Score/Info.plist";
				LD_RUNPATH_SEARCH_PATHS = "$(inherited) @executable_path/Frameworks";
				PRODUCT_BUNDLE_IDENTIFIER = "com.atomicbird.Stump-Score";
				PRODUCT_NAME = "$(TARGET_NAME)";
				SUPPORTS_MACCATALYST = YES;
				SWIFT_SWIFT3_OBJC_INFERENCE = Off;
				SWIFT_VERSION = 5.0;
			};
			name = Release;
		};
		EE67C5861D6C99B900F1C459 /* Debug */ = {
			isa = XCBuildConfiguration;
			baseConfigurationReference = 898BF30FF09B594645C1FCC0 /* Pods-Stump ScoreTests.debug.xcconfig */;
			buildSettings = {
				ALWAYS_EMBED_SWIFT_STANDARD_LIBRARIES = YES;
				BUNDLE_LOADER = "$(TEST_HOST)";
				DEVELOPMENT_TEAM = FZTVR399HK;
				INFOPLIST_FILE = "Stump ScoreTests/Info.plist";
				LD_RUNPATH_SEARCH_PATHS = "$(inherited) @executable_path/Frameworks @loader_path/Frameworks";
				PRODUCT_BUNDLE_IDENTIFIER = "com.atomicbird.Stump-ScoreTests";
				PRODUCT_NAME = "$(TARGET_NAME)";
				SWIFT_SWIFT3_OBJC_INFERENCE = On;
				SWIFT_VERSION = 5.0;
				TEST_HOST = "$(BUILT_PRODUCTS_DIR)/Stump Score.app/Stump Score";
			};
			name = Debug;
		};
		EE67C5871D6C99B900F1C459 /* Release */ = {
			isa = XCBuildConfiguration;
			baseConfigurationReference = 81371FE64EB1A07126F76BD8 /* Pods-Stump ScoreTests.release.xcconfig */;
			buildSettings = {
				ALWAYS_EMBED_SWIFT_STANDARD_LIBRARIES = YES;
				BUNDLE_LOADER = "$(TEST_HOST)";
				DEVELOPMENT_TEAM = FZTVR399HK;
				INFOPLIST_FILE = "Stump ScoreTests/Info.plist";
				LD_RUNPATH_SEARCH_PATHS = "$(inherited) @executable_path/Frameworks @loader_path/Frameworks";
				PRODUCT_BUNDLE_IDENTIFIER = "com.atomicbird.Stump-ScoreTests";
				PRODUCT_NAME = "$(TARGET_NAME)";
				SWIFT_SWIFT3_OBJC_INFERENCE = On;
				SWIFT_VERSION = 5.0;
				TEST_HOST = "$(BUILT_PRODUCTS_DIR)/Stump Score.app/Stump Score";
			};
			name = Release;
		};
		EE67C5891D6C99B900F1C459 /* Debug */ = {
			isa = XCBuildConfiguration;
			baseConfigurationReference = 1B2D7A3285AF6944486E93EA /* Pods-Stump Score-Stump ScoreUITests.debug.xcconfig */;
			buildSettings = {
				ALWAYS_EMBED_SWIFT_STANDARD_LIBRARIES = YES;
				DEVELOPMENT_TEAM = FZTVR399HK;
				INFOPLIST_FILE = "Stump ScoreUITests/Info.plist";
				LD_RUNPATH_SEARCH_PATHS = "$(inherited) @executable_path/Frameworks @loader_path/Frameworks";
				PRODUCT_BUNDLE_IDENTIFIER = "com.atomicbird.Stump-ScoreUITests";
				PRODUCT_NAME = "$(TARGET_NAME)";
				SWIFT_SWIFT3_OBJC_INFERENCE = On;
				SWIFT_VERSION = 5.0;
				TEST_TARGET_NAME = "Stump Score";
			};
			name = Debug;
		};
		EE67C58A1D6C99B900F1C459 /* Release */ = {
			isa = XCBuildConfiguration;
			baseConfigurationReference = A8642DF74CE696FBD2250FD6 /* Pods-Stump Score-Stump ScoreUITests.release.xcconfig */;
			buildSettings = {
				ALWAYS_EMBED_SWIFT_STANDARD_LIBRARIES = YES;
				DEVELOPMENT_TEAM = FZTVR399HK;
				INFOPLIST_FILE = "Stump ScoreUITests/Info.plist";
				LD_RUNPATH_SEARCH_PATHS = "$(inherited) @executable_path/Frameworks @loader_path/Frameworks";
				PRODUCT_BUNDLE_IDENTIFIER = "com.atomicbird.Stump-ScoreUITests";
				PRODUCT_NAME = "$(TARGET_NAME)";
				SWIFT_SWIFT3_OBJC_INFERENCE = On;
				SWIFT_VERSION = 5.0;
				TEST_TARGET_NAME = "Stump Score";
			};
			name = Release;
		};
/* End XCBuildConfiguration section */

/* Begin XCConfigurationList section */
		EE67C5551D6C99B900F1C459 /* Build configuration list for PBXProject "Stump Score" */ = {
			isa = XCConfigurationList;
			buildConfigurations = (
				EE67C5801D6C99B900F1C459 /* Debug */,
				EE67C5811D6C99B900F1C459 /* Release */,
			);
			defaultConfigurationIsVisible = 0;
			defaultConfigurationName = Release;
		};
		EE67C5821D6C99B900F1C459 /* Build configuration list for PBXNativeTarget "Stump Score" */ = {
			isa = XCConfigurationList;
			buildConfigurations = (
				EE67C5831D6C99B900F1C459 /* Debug */,
				EE67C5841D6C99B900F1C459 /* Release */,
			);
			defaultConfigurationIsVisible = 0;
			defaultConfigurationName = Release;
		};
		EE67C5851D6C99B900F1C459 /* Build configuration list for PBXNativeTarget "Stump ScoreTests" */ = {
			isa = XCConfigurationList;
			buildConfigurations = (
				EE67C5861D6C99B900F1C459 /* Debug */,
				EE67C5871D6C99B900F1C459 /* Release */,
			);
			defaultConfigurationIsVisible = 0;
			defaultConfigurationName = Release;
		};
		EE67C5881D6C99B900F1C459 /* Build configuration list for PBXNativeTarget "Stump ScoreUITests" */ = {
			isa = XCConfigurationList;
			buildConfigurations = (
				EE67C5891D6C99B900F1C459 /* Debug */,
				EE67C58A1D6C99B900F1C459 /* Release */,
			);
			defaultConfigurationIsVisible = 0;
			defaultConfigurationName = Release;
		};
/* End XCConfigurationList section */
	};
	rootObject = EE67C5521D6C99B900F1C459 /* Project object */;
}
